Microsoft Visual Studio Solution File, Format Version 11.00
# Visual C# Express 2010
Project("{FAE04EC0-301F-11D3-BF4B-00C04F79EFBC}") = "Test Christophe", "Test Christophe\Test Christophe.csproj", "{443E4AE4-9DC5-47EA-927C-3E76CBB5EB1B}"
EndProject
Project("{FAE04EC0-301F-11D3-BF4B-00C04F79EFBC}") = "WebExamples", "WebExamples\WebExamples.csproj", "{630F6539-D1E9-44BB-9C7A-D0BC9DD6B2A3}"
EndProject
Global
	GlobalSection(SolutionConfigurationPlatforms) = preSolution
		Debug|Any CPU = Debug|Any CPU
		Release|Any CPU = Release|Any CPU
	EndGlobalSection
	GlobalSection(ProjectConfigurationPlatforms) = postSolution
		{443E4AE4-9DC5-47EA-927C-3E76CBB5EB1B}.Debug|Any CPU.ActiveCfg = Debug|Any CPU
		{443E4AE4-9DC5-47EA-927C-3E76CBB5EB1B}.Debug|Any CPU.Build.0 = Debug|Any CPU
		{443E4AE4-9DC5-47EA-927C-3E76CBB5EB1B}.Release|Any CPU.ActiveCfg = Release|Any CPU
		{443E4AE4-9DC5-47EA-927C-3E76CBB5EB1B}.Release|Any CPU.Build.0 = Release|Any CPU
		{630F6539-D1E9-44BB-9C7A-D0BC9DD6B2A3}.Debug|Any CPU.ActiveCfg = Debug|Any CPU
		{630F6539-D1E9-44BB-9C7A-D0BC9DD6B2A3}.Debug|Any CPU.Build.0 = Debug|Any CPU
		{630F6539-D1E9-44BB-9C7A-D0BC9DD6B2A3}.Release|Any CPU.ActiveCfg = Release|Any CPU
		{630F6539-D1E9-44BB-9C7A-D0BC9DD6B2A3}.Release|Any CPU.Build.0 = Release|Any CPU
	EndGlobalSection
	GlobalSection(SolutionProperties) = preSolution
		HideSolutionNode = FALSE
	EndGlobalSection
EndGlobal
